
Microsoft Visual Studio Solution File, Format Version 12.00
# Visual Studio Version 16
VisualStudioVersion = 16.0.30104.148
MinimumVisualStudioVersion = 10.0.40219.1
Project("{FAE04EC0-301F-11D3-BF4B-00C04F79EFBC}") = "WebProgram", "WebProgram\WebProgram.csproj", "{EAE8F1AC-632C-45BB-B819-8EF50EF52ED0}"
EndProject
Project("{FAE04EC0-301F-11D3-BF4B-00C04F79EFBC}") = "Console", "Console\Console.csproj", "{6B3542F4-3B10-4A85-90A8-FF5DD0588042}"
EndProject
Project("{FAE04EC0-301F-11D3-BF4B-00C04F79EFBC}") = "UsersDataProvider", "UsersDataProvider\UsersDataProvider.csproj", "{9BAFB940-0262-4C65-AC44-A6ADD6AEDFDC}"
EndProject
Global
	GlobalSection(SolutionConfigurationPlatforms) = preSolution
		Debug|Any CPU = Debug|Any CPU
		Release|Any CPU = Release|Any CPU
	EndGlobalSection
	GlobalSection(ProjectConfigurationPlatforms) = postSolution
		{EAE8F1AC-632C-45BB-B819-8EF50EF52ED0}.Debug|Any CPU.ActiveCfg = Debug|Any CPU
		{EAE8F1AC-632C-45BB-B819-8EF50EF52ED0}.Debug|Any CPU.Build.0 = Debug|Any CPU
		{EAE8F1AC-632C-45BB-B819-8EF50EF52ED0}.Release|Any CPU.ActiveCfg = Release|Any CPU
		{EAE8F1AC-632C-45BB-B819-8EF50EF52ED0}.Release|Any CPU.Build.0 = Release|Any CPU
		{6B3542F4-3B10-4A85-90A8-FF5DD0588042}.Debug|Any CPU.ActiveCfg = Debug|Any CPU
		{6B3542F4-3B10-4A85-90A8-FF5DD0588042}.Debug|Any CPU.Build.0 = Debug|Any CPU
		{6B3542F4-3B10-4A85-90A8-FF5DD0588042}.Release|Any CPU.ActiveCfg = Release|Any CPU
		{6B3542F4-3B10-4A85-90A8-FF5DD0588042}.Release|Any CPU.Build.0 = Release|Any CPU
		{9BAFB940-0262-4C65-AC44-A6ADD6AEDFDC}.Debug|Any CPU.ActiveCfg = Debug|Any CPU
		{9BAFB940-0262-4C65-AC44-A6ADD6AEDFDC}.Debug|Any CPU.Build.0 = Debug|Any CPU
		{9BAFB940-0262-4C65-AC44-A6ADD6AEDFDC}.Release|Any CPU.ActiveCfg = Release|Any CPU
		{9BAFB940-0262-4C65-AC44-A6ADD6AEDFDC}.Release|Any CPU.Build.0 = Release|Any CPU
	EndGlobalSection
	GlobalSection(SolutionProperties) = preSolution
		HideSolutionNode = FALSE
	EndGlobalSection
	GlobalSection(ExtensibilityGlobals) = postSolution
		SolutionGuid = {02AE63C7-8170-430F-A314-286F5CE1F71D}
	EndGlobalSection
EndGlobal
